<?xml version="1.0" encoding="utf-8"?>
<Project ToolsVersion="4.0" xmlns="http://schemas.microsoft.com/developer/msbuild/2003">
  <ItemGroup>
    <ClCompile Include="stdafx.cpp" />
    <ClCompile Include="cpp\HitTestBehavior.cpp">
      <Filter>SampleScene</Filter>
    </ClCompile>
    <ClCompile Include="cpp\main.cpp">
      <Filter>SampleScene</Filter>
    </ClCompile>
    <ClCompile Include="cpp\SampleScene.cpp">
      <Filter>SampleScene</Filter>
    </ClCompile>
    <ClCompile Include="cpp\EnemyBehavior.cpp">
      <Filter>SampleScene</Filter>
    </ClCompile>
    <ClCompile Include="cpp\GameController.cpp">
      <Filter>SampleScene</Filter>
    </ClCompile>
    <ClCompile Include="cpp\PlayerBehavior.cpp">
      <Filter>SampleScene</Filter>
    </ClCompile>
    <ClCompile Include="BeforeComponentsLoader.cpp" />
    <ClCompile Include="EnemySpawner.cpp" />
    <ClCompile Include="BulletEnemy.cpp" />
    <ClCompile Include="Bullet.cpp" />
    <ClCompile Include="SceneChanger.cpp" />
    <ClCompile Include="PlayerLookingCamera.cpp" />
    <ClCompile Include="Booster.cpp" />
    <ClCompile Include="LevelSelecter.cpp" />
    <ClCompile Include="HPBar.cpp" />
    <ClCompile Include="BossEnemy.cpp" />
    <ClCompile Include="ScoreUI.cpp" />
  </ItemGroup>
  <ItemGroup>
    <ClInclude Include="stdafx.h" />
    <ClInclude Include="include\HitTestBehavior.h">
      <Filter>SampleScene</Filter>
    </ClInclude>
    <ClInclude Include="include\SampleScene.h">
      <Filter>SampleScene</Filter>
    </ClInclude>
    <ClInclude Include="include\EnemyBehavior.h">
      <Filter>SampleScene</Filter>
    </ClInclude>
    <ClInclude Include="include\GameController.h">
      <Filter>SampleScene</Filter>
    </ClInclude>
    <ClInclude Include="include\PlayerBehavior.h">
      <Filter>SampleScene</Filter>
    </ClInclude>
    <ClInclude Include="BeforeComponentsLoader.h" />
    <ClInclude Include="EnemySpawner.h" />
    <ClInclude Include="BulletEnemy.h" />
    <ClInclude Include="Bullet.h" />
    <ClInclude Include="SceneChanger.h" />
    <ClInclude Include="PlayerLookingCamera.h" />
    <ClInclude Include="Booster.h" />
    <ClInclude Include="LevelSelecter.h" />
    <ClInclude Include="HPBar.h" />
    <ClInclude Include="BossEnemy.h" />
    <ClInclude Include="ScoreUI.h" />
  </ItemGroup>
  <ItemGroup>
    <Filter Include="ShootingGame">
      <UniqueIdentifier>{f9bac54e-71c4-4f79-bfcf-509e9617d31c}</UniqueIdentifier>
    </Filter>
    <Filter Include="SampleScene">
      <UniqueIdentifier>{31cd7029-72aa-4a50-9e5c-6e4d16dfb5ca}</UniqueIdentifier>
    </Filter>
  </ItemGroup>
</Project>